
Microsoft Visual Studio Solution File, Format Version 12.00
# Visual Studio Version 17
VisualStudioVersion = 17.3.32901.215
MinimumVisualStudioVersion = 10.0.40219.1
Project("{FAE04EC0-301F-11D3-BF4B-00C04F79EFBC}") = "APICORE", "APICORE.csproj", "{399A5188-1060-4C6D-9609-EF9E75A3D54A}"
EndProject
Global
	GlobalSection(SolutionConfigurationPlatforms) = preSolution
		Debug|Any CPU = Debug|Any CPU
		Release|Any CPU = Release|Any CPU
	EndGlobalSection
	GlobalSection(ProjectConfigurationPlatforms) = postSolution
		{399A5188-1060-4C6D-9609-EF9E75A3D54A}.Debug|Any CPU.ActiveCfg = Debug|Any CPU
		{399A5188-1060-4C6D-9609-EF9E75A3D54A}.Debug|Any CPU.Build.0 = Debug|Any CPU
		{399A5188-1060-4C6D-9609-EF9E75A3D54A}.Release|Any CPU.ActiveCfg = Release|Any CPU
		{399A5188-1060-4C6D-9609-EF9E75A3D54A}.Release|Any CPU.Build.0 = Release|Any CPU
	EndGlobalSection
	GlobalSection(SolutionProperties) = preSolution
		HideSolutionNode = FALSE
	EndGlobalSection
	GlobalSection(ExtensibilityGlobals) = postSolution
		SolutionGuid = {1B9D6FE2-92E3-46D8-BB5C-B7F48C31CFF4}
	EndGlobalSection
EndGlobal
